
Microsoft Visual Studio Solution File, Format Version 12.00
# Visual Studio 14
VisualStudioVersion = 14.0.25420.1
MinimumVisualStudioVersion = 10.0.40219.1
Project("{FAE04EC0-301F-11D3-BF4B-00C04F79EFBC}") = "AdoWPF", "AdoWPF\AdoWPF.csproj", "{EF6D7E52-B12A-491B-8E5D-62905430EEE8}"
EndProject
Project("{FAE04EC0-301F-11D3-BF4B-00C04F79EFBC}") = "AdoGemeenschap", "AdoGemeenschap\AdoGemeenschap.csproj", "{7B3AE36A-C46F-494C-90F7-AC8CCDBD424B}"
EndProject
Project("{FAE04EC0-301F-11D3-BF4B-00C04F79EFBC}") = "AdoWPF2", "AdoWPF2\AdoWPF2.csproj", "{DF871F2B-C1D7-4A21-B1D7-0A5B902BAF9E}"
EndProject
Global
	GlobalSection(SolutionConfigurationPlatforms) = preSolution
		Debug|Any CPU = Debug|Any CPU
		Release|Any CPU = Release|Any CPU
	EndGlobalSection
	GlobalSection(ProjectConfigurationPlatforms) = postSolution
		{EF6D7E52-B12A-491B-8E5D-62905430EEE8}.Debug|Any CPU.ActiveCfg = Debug|Any CPU
		{EF6D7E52-B12A-491B-8E5D-62905430EEE8}.Debug|Any CPU.Build.0 = Debug|Any CPU
		{EF6D7E52-B12A-491B-8E5D-62905430EEE8}.Release|Any CPU.ActiveCfg = Release|Any CPU
		{EF6D7E52-B12A-491B-8E5D-62905430EEE8}.Release|Any CPU.Build.0 = Release|Any CPU
		{7B3AE36A-C46F-494C-90F7-AC8CCDBD424B}.Debug|Any CPU.ActiveCfg = Debug|Any CPU
		{7B3AE36A-C46F-494C-90F7-AC8CCDBD424B}.Debug|Any CPU.Build.0 = Debug|Any CPU
		{7B3AE36A-C46F-494C-90F7-AC8CCDBD424B}.Release|Any CPU.ActiveCfg = Release|Any CPU
		{7B3AE36A-C46F-494C-90F7-AC8CCDBD424B}.Release|Any CPU.Build.0 = Release|Any CPU
		{DF871F2B-C1D7-4A21-B1D7-0A5B902BAF9E}.Debug|Any CPU.ActiveCfg = Debug|Any CPU
		{DF871F2B-C1D7-4A21-B1D7-0A5B902BAF9E}.Debug|Any CPU.Build.0 = Debug|Any CPU
		{DF871F2B-C1D7-4A21-B1D7-0A5B902BAF9E}.Release|Any CPU.ActiveCfg = Release|Any CPU
		{DF871F2B-C1D7-4A21-B1D7-0A5B902BAF9E}.Release|Any CPU.Build.0 = Release|Any CPU
	EndGlobalSection
	GlobalSection(SolutionProperties) = preSolution
		HideSolutionNode = FALSE
	EndGlobalSection
EndGlobal
