
Microsoft Visual Studio Solution File, Format Version 12.00
# Visual Studio 14
VisualStudioVersion = 14.0.25420.1
MinimumVisualStudioVersion = 10.0.40219.1
Project("{FAE04EC0-301F-11D3-BF4B-00C04F79EFBC}") = "OpdrachtAdo", "OpdrachtAdo\OpdrachtAdo.csproj", "{9118A453-2818-4D7C-97EF-F986CD3ACB87}"
EndProject
Project("{FAE04EC0-301F-11D3-BF4B-00C04F79EFBC}") = "AdoGemeenschap", "AdoGemeenschap\AdoGemeenschap.csproj", "{C643B648-F20E-4955-9516-9DF98BA23527}"
EndProject
Global
	GlobalSection(SolutionConfigurationPlatforms) = preSolution
		Debug|Any CPU = Debug|Any CPU
		Release|Any CPU = Release|Any CPU
	EndGlobalSection
	GlobalSection(ProjectConfigurationPlatforms) = postSolution
		{9118A453-2818-4D7C-97EF-F986CD3ACB87}.Debug|Any CPU.ActiveCfg = Debug|Any CPU
		{9118A453-2818-4D7C-97EF-F986CD3ACB87}.Debug|Any CPU.Build.0 = Debug|Any CPU
		{9118A453-2818-4D7C-97EF-F986CD3ACB87}.Release|Any CPU.ActiveCfg = Release|Any CPU
		{9118A453-2818-4D7C-97EF-F986CD3ACB87}.Release|Any CPU.Build.0 = Release|Any CPU
		{C643B648-F20E-4955-9516-9DF98BA23527}.Debug|Any CPU.ActiveCfg = Debug|Any CPU
		{C643B648-F20E-4955-9516-9DF98BA23527}.Debug|Any CPU.Build.0 = Debug|Any CPU
		{C643B648-F20E-4955-9516-9DF98BA23527}.Release|Any CPU.ActiveCfg = Release|Any CPU
		{C643B648-F20E-4955-9516-9DF98BA23527}.Release|Any CPU.Build.0 = Release|Any CPU
	EndGlobalSection
	GlobalSection(SolutionProperties) = preSolution
		HideSolutionNode = FALSE
	EndGlobalSection
EndGlobal
